// !$*UTF8*$!
{
	archiveVersion = 1;
	classes = {
	};
	objectVersion = 70;
	objects = {

/* Begin PBXBuildFile section */
		BEA407F82C24F1FD00636240 /* LoginSupabaseAppApp.swift in Sources */ = {isa = PBXBuildFile; fileRef = BEA407F72C24F1FD00636240 /* LoginSupabaseAppApp.swift */; };
		BEA407FA2C24F1FD00636240 /* ContentView.swift in Sources */ = {isa = PBXBuildFile; fileRef = BEA407F92C24F1FD00636240 /* ContentView.swift */; };
		BEA407FC2C24F1FF00636240 /* Assets.xcassets in Resources */ = {isa = PBXBuildFile; fileRef = BEA407FB2C24F1FF00636240 /* Assets.xcassets */; };
		BEA407FF2C24F1FF00636240 /* Preview Assets.xcassets in Resources */ = {isa = PBXBuildFile; fileRef = BEA407FE2C24F1FF00636240 /* Preview Assets.xcassets */; };
		BEA4080B2C24F2CE00636240 /* Auth in Frameworks */ = {isa = PBXBuildFile; productRef = BEA4080A2C24F2CE00636240 /* Auth */; };
		BEA4080D2C24F2CE00636240 /* Functions in Frameworks */ = {isa = PBXBuildFile; productRef = BEA4080C2C24F2CE00636240 /* Functions */; };
		BEA4080F2C24F2CE00636240 /* PostgREST in Frameworks */ = {isa = PBXBuildFile; productRef = BEA4080E2C24F2CE00636240 /* PostgREST */; };
		BEA408112C24F2CE00636240 /* Realtime in Frameworks */ = {isa = PBXBuildFile; productRef = BEA408102C24F2CE00636240 /* Realtime */; };
		BEA408132C24F2CE00636240 /* Storage in Frameworks */ = {isa = PBXBuildFile; productRef = BEA408122C24F2CE00636240 /* Storage */; };
		BEA408152C24F2CE00636240 /* Supabase in Frameworks */ = {isa = PBXBuildFile; productRef = BEA408142C24F2CE00636240 /* Supabase */; };
		BEA4081C2C24F54700636240 /* AuthViewModel.swift in Sources */ = {isa = PBXBuildFile; fileRef = BEA4081B2C24F54700636240 /* AuthViewModel.swift */; };
		BEA408262C24FCDA00636240 /* ProfileViewModel.swift in Sources */ = {isa = PBXBuildFile; fileRef = BEA408252C24FCDA00636240 /* ProfileViewModel.swift */; };
/* End PBXBuildFile section */

/* Begin PBXFileReference section */
		BEA407F42C24F1FD00636240 /* LoginSupabaseApp.app */ = {isa = PBXFileReference; explicitFileType = wrapper.application; includeInIndex = 0; path = LoginSupabaseApp.app; sourceTree = BUILT_PRODUCTS_DIR; };
		BEA407F72C24F1FD00636240 /* LoginSupabaseAppApp.swift */ = {isa = PBXFileReference; lastKnownFileType = sourcecode.swift; path = LoginSupabaseAppApp.swift; sourceTree = "<group>"; };
		BEA407F92C24F1FD00636240 /* ContentView.swift */ = {isa = PBXFileReference; lastKnownFileType = sourcecode.swift; path = ContentView.swift; sourceTree = "<group>"; };
		BEA407FB2C24F1FF00636240 /* Assets.xcassets */ = {isa = PBXFileReference; lastKnownFileType = folder.assetcatalog; path = Assets.xcassets; sourceTree = "<group>"; };
		BEA407FE2C24F1FF00636240 /* Preview Assets.xcassets */ = {isa = PBXFileReference; lastKnownFileType = folder.assetcatalog; path = "Preview Assets.xcassets"; sourceTree = "<group>"; };
		BEA4081B2C24F54700636240 /* AuthViewModel.swift */ = {isa = PBXFileReference; lastKnownFileType = sourcecode.swift; path = AuthViewModel.swift; sourceTree = "<group>"; };
		BEA408252C24FCDA00636240 /* ProfileViewModel.swift */ = {isa = PBXFileReference; lastKnownFileType = sourcecode.swift; path = ProfileViewModel.swift; sourceTree = "<group>"; };
/* End PBXFileReference section */

/* Begin PBXFileSystemSynchronizedBuildFileExceptionSet section */
		BEA408082C24F28900636240 /* PBXFileSystemSynchronizedBuildFileExceptionSet */ = {
			isa = PBXFileSystemSynchronizedBuildFileExceptionSet;
			membershipExceptions = (
				Supabase.swift,
			);
			target = BEA407F32C24F1FD00636240 /* LoginSupabaseApp */;
		};
		BEA408192C24F33300636240 /* PBXFileSystemSynchronizedBuildFileExceptionSet */ = {
			isa = PBXFileSystemSynchronizedBuildFileExceptionSet;
			membershipExceptions = (
				LoginFormView.swift,
				ProfileView.swift,
			);
			target = BEA407F32C24F1FD00636240 /* LoginSupabaseApp */;
		};
		BEA408222C24FAF400636240 /* PBXFileSystemSynchronizedBuildFileExceptionSet */ = {
			isa = PBXFileSystemSynchronizedBuildFileExceptionSet;
			membershipExceptions = (
				AvatarImage.swift,
				Profile.swift,
			);
			target = BEA407F32C24F1FD00636240 /* LoginSupabaseApp */;
		};
/* End PBXFileSystemSynchronizedBuildFileExceptionSet section */

/* Begin PBXFileSystemSynchronizedRootGroup section */
		BEA408052C24F27A00636240 /* Utils */ = {isa = PBXFileSystemSynchronizedRootGroup; exceptions = (BEA408082C24F28900636240 /* PBXFileSystemSynchronizedBuildFileExceptionSet */, ); explicitFileTypes = {}; explicitFolders = (); path = Utils; sourceTree = "<group>"; };
		BEA408162C24F32500636240 /* Views */ = {isa = PBXFileSystemSynchronizedRootGroup; exceptions = (BEA408192C24F33300636240 /* PBXFileSystemSynchronizedBuildFileExceptionSet */, ); explicitFileTypes = {}; explicitFolders = (); path = Views; sourceTree = "<group>"; };
		BEA4081F2C24FAE500636240 /* Models */ = {isa = PBXFileSystemSynchronizedRootGroup; exceptions = (BEA408222C24FAF400636240 /* PBXFileSystemSynchronizedBuildFileExceptionSet */, ); explicitFileTypes = {}; explicitFolders = (); path = Models; sourceTree = "<group>"; };
/* End PBXFileSystemSynchronizedRootGroup section */

/* Begin PBXFrameworksBuildPhase section */
		BEA407F12C24F1FD00636240 /* Frameworks */ = {
			isa = PBXFrameworksBuildPhase;
			buildActionMask = 2147483647;
			files = (
				BEA4080F2C24F2CE00636240 /* PostgREST in Frameworks */,
				BEA4080D2C24F2CE00636240 /* Functions in Frameworks */,
				BEA408152C24F2CE00636240 /* Supabase in Frameworks */,
				BEA4080B2C24F2CE00636240 /* Auth in Frameworks */,
				BEA408132C24F2CE00636240 /* Storage in Frameworks */,
				BEA408112C24F2CE00636240 /* Realtime in Frameworks */,
			);
			runOnlyForDeploymentPostprocessing = 0;
		};
/* End PBXFrameworksBuildPhase section */

/* Begin PBXGroup section */
		BEA407EB2C24F1FD00636240 = {
			isa = PBXGroup;
			children = (
				BEA407F62C24F1FD00636240 /* LoginSupabaseApp */,
				BEA407F52C24F1FD00636240 /* Products */,
			);
			sourceTree = "<group>";
		};
		BEA407F52C24F1FD00636240 /* Products */ = {
			isa = PBXGroup;
			children = (
				BEA407F42C24F1FD00636240 /* LoginSupabaseApp.app */,
			);
			name = Products;
			sourceTree = "<group>";
		};
		BEA407F62C24F1FD00636240 /* LoginSupabaseApp */ = {
			isa = PBXGroup;
			children = (
				BEA4081F2C24FAE500636240 /* Models */,
				BEA4081A2C24F53700636240 /* ViewModels */,
				BEA408162C24F32500636240 /* Views */,
				BEA408052C24F27A00636240 /* Utils */,
				BEA407F72C24F1FD00636240 /* LoginSupabaseAppApp.swift */,
				BEA407F92C24F1FD00636240 /* ContentView.swift */,
				BEA407FB2C24F1FF00636240 /* Assets.xcassets */,
				BEA407FD2C24F1FF00636240 /* Preview Content */,
			);
			path = LoginSupabaseApp;
			sourceTree = "<group>";
		};
		BEA407FD2C24F1FF00636240 /* Preview Content */ = {
			isa = PBXGroup;
			children = (
				BEA407FE2C24F1FF00636240 /* Preview Assets.xcassets */,
			);
			path = "Preview Content";
			sourceTree = "<group>";
		};
		BEA4081A2C24F53700636240 /* ViewModels */ = {
			isa = PBXGroup;
			children = (
				BEA4081B2C24F54700636240 /* AuthViewModel.swift */,
				BEA408252C24FCDA00636240 /* ProfileViewModel.swift */,
			);
			path = ViewModels;
			sourceTree = "<group>";
		};
/* End PBXGroup section */

/* Begin PBXNativeTarget section */
		BEA407F32C24F1FD00636240 /* LoginSupabaseApp */ = {
			isa = PBXNativeTarget;
			buildConfigurationList = BEA408022C24F1FF00636240 /* Build configuration list for PBXNativeTarget "LoginSupabaseApp" */;
			buildPhases = (
				BEA407F02C24F1FD00636240 /* Sources */,
				BEA407F12C24F1FD00636240 /* Frameworks */,
				BEA407F22C24F1FD00636240 /* Resources */,
			);
			buildRules = (
			);
			dependencies = (
			);
			name = LoginSupabaseApp;
			packageProductDependencies = (
				BEA4080A2C24F2CE00636240 /* Auth */,
				BEA4080C2C24F2CE00636240 /* Functions */,
				BEA4080E2C24F2CE00636240 /* PostgREST */,
				BEA408102C24F2CE00636240 /* Realtime */,
				BEA408122C24F2CE00636240 /* Storage */,
				BEA408142C24F2CE00636240 /* Supabase */,
			);
			productName = LoginSupabaseApp;
			productReference = BEA407F42C24F1FD00636240 /* LoginSupabaseApp.app */;
			productType = "com.apple.product-type.application";
		};
/* End PBXNativeTarget section */

/* Begin PBXProject section */
		BEA407EC2C24F1FD00636240 /* Project object */ = {
			isa = PBXProject;
			attributes = {
				BuildIndependentTargetsInParallel = 1;
				LastSwiftUpdateCheck = 1600;
				LastUpgradeCheck = 1600;
				TargetAttributes = {
					BEA407F32C24F1FD00636240 = {
						CreatedOnToolsVersion = 16.0;
					};
				};
			};
			buildConfigurationList = BEA407EF2C24F1FD00636240 /* Build configuration list for PBXProject "LoginSupabaseApp" */;
			compatibilityVersion = "Xcode 15.0";
			developmentRegion = en;
			hasScannedForEncodings = 0;
			knownRegions = (
				en,
				Base,
			);
			mainGroup = BEA407EB2C24F1FD00636240;
			packageReferences = (
				BEA408092C24F2CE00636240 /* XCRemoteSwiftPackageReference "supabase-swift" */,
			);
			productRefGroup = BEA407F52C24F1FD00636240 /* Products */;
			projectDirPath = "";
			projectRoot = "";
			targets = (
				BEA407F32C24F1FD00636240 /* LoginSupabaseApp */,
			);
		};
/* End PBXProject section */

/* Begin PBXResourcesBuildPhase section */
		BEA407F22C24F1FD00636240 /* Resources */ = {
			isa = PBXResourcesBuildPhase;
			buildActionMask = 2147483647;
			files = (
				BEA407FF2C24F1FF00636240 /* Preview Assets.xcassets in Resources */,
				BEA407FC2C24F1FF00636240 /* Assets.xcassets in Resources */,
			);
			runOnlyForDeploymentPostprocessing = 0;
		};
/* End PBXResourcesBuildPhase section */

/* Begin PBXSourcesBuildPhase section */
		BEA407F02C24F1FD00636240 /* Sources */ = {
			isa = PBXSourcesBuildPhase;
			buildActionMask = 2147483647;
			files = (
				BEA4081C2C24F54700636240 /* AuthViewModel.swift in Sources */,
				BEA407FA2C24F1FD00636240 /* ContentView.swift in Sources */,
				BEA408262C24FCDA00636240 /* ProfileViewModel.swift in Sources */,
				BEA407F82C24F1FD00636240 /* LoginSupabaseAppApp.swift in Sources */,
			);
			runOnlyForDeploymentPostprocessing = 0;
		};
/* End PBXSourcesBuildPhase section */

/* Begin XCBuildConfiguration section */
		BEA408002C24F1FF00636240 /* Debug */ = {
			isa = XCBuildConfiguration;
			buildSettings = {
				ALWAYS_SEARCH_USER_PATHS = NO;
				ASSETCATALOG_COMPILER_GENERATE_SWIFT_ASSET_SYMBOL_EXTENSIONS = YES;
				CLANG_ANALYZER_NONNULL = YES;
				CLANG_ANALYZER_NUMBER_OBJECT_CONVERSION = YES_AGGRESSIVE;
				CLANG_CXX_LANGUAGE_STANDARD = "gnu++20";
				CLANG_ENABLE_MODULES = YES;
				CLANG_ENABLE_OBJC_ARC = YES;
				CLANG_ENABLE_OBJC_WEAK = YES;
				CLANG_WARN_BLOCK_CAPTURE_AUTORELEASING = YES;
				CLANG_WARN_BOOL_CONVERSION = YES;
				CLANG_WARN_COMMA = YES;
				CLANG_WARN_CONSTANT_CONVERSION = YES;
				CLANG_WARN_DEPRECATED_OBJC_IMPLEMENTATIONS = YES;
				CLANG_WARN_DIRECT_OBJC_ISA_USAGE = YES_ERROR;
				CLANG_WARN_DOCUMENTATION_COMMENTS = YES;
				CLANG_WARN_EMPTY_BODY = YES;
				CLANG_WARN_ENUM_CONVERSION = YES;
				CLANG_WARN_INFINITE_RECURSION = YES;
				CLANG_WARN_INT_CONVERSION = YES;
				CLANG_WARN_NON_LITERAL_NULL_CONVERSION = YES;
				CLANG_WARN_OBJC_IMPLICIT_RETAIN_SELF = YES;
				CLANG_WARN_OBJC_LITERAL_CONVERSION = YES;
				CLANG_WARN_OBJC_ROOT_CLASS = YES_ERROR;
				CLANG_WARN_QUOTED_INCLUDE_IN_FRAMEWORK_HEADER = YES;
				CLANG_WARN_RANGE_LOOP_ANALYSIS = YES;
				CLANG_WARN_STRICT_PROTOTYPES = YES;
				CLANG_WARN_SUSPICIOUS_MOVE = YES;
				CLANG_WARN_UNGUARDED_AVAILABILITY = YES_AGGRESSIVE;
				CLANG_WARN_UNREACHABLE_CODE = YES;
				CLANG_WARN__DUPLICATE_METHOD_MATCH = YES;
				COPY_PHASE_STRIP = NO;
				DEBUG_INFORMATION_FORMAT = dwarf;
				ENABLE_STRICT_OBJC_MSGSEND = YES;
				ENABLE_TESTABILITY = YES;
				ENABLE_USER_SCRIPT_SANDBOXING = YES;
				GCC_C_LANGUAGE_STANDARD = gnu17;
				GCC_DYNAMIC_NO_PIC = NO;
				GCC_NO_COMMON_BLOCKS = YES;
				GCC_OPTIMIZATION_LEVEL = 0;
				GCC_PREPROCESSOR_DEFINITIONS = (
					"DEBUG=1",
					"$(inherited)",
				);
				GCC_WARN_64_TO_32_BIT_CONVERSION = YES;
				GCC_WARN_ABOUT_RETURN_TYPE = YES_ERROR;
				GCC_WARN_UNDECLARED_SELECTOR = YES;
				GCC_WARN_UNINITIALIZED_AUTOS = YES_AGGRESSIVE;
				GCC_WARN_UNUSED_FUNCTION = YES;
				GCC_WARN_UNUSED_VARIABLE = YES;
				IPHONEOS_DEPLOYMENT_TARGET = 18.0;
				LOCALIZATION_PREFERS_STRING_CATALOGS = YES;
				MTL_ENABLE_DEBUG_INFO = INCLUDE_SOURCE;
				MTL_FAST_MATH = YES;
				ONLY_ACTIVE_ARCH = YES;
				SDKROOT = iphoneos;
				SWIFT_ACTIVE_COMPILATION_CONDITIONS = "DEBUG $(inherited)";
				SWIFT_OPTIMIZATION_LEVEL = "-Onone";
			};
			name = Debug;
		};
		BEA408012C24F1FF00636240 /* Release */ = {
			isa = XCBuildConfiguration;
			buildSettings = {
				ALWAYS_SEARCH_USER_PATHS = NO;
				ASSETCATALOG_COMPILER_GENERATE_SWIFT_ASSET_SYMBOL_EXTENSIONS = YES;
				CLANG_ANALYZER_NONNULL = YES;
				CLANG_ANALYZER_NUMBER_OBJECT_CONVERSION = YES_AGGRESSIVE;
				CLANG_CXX_LANGUAGE_STANDARD = "gnu++20";
				CLANG_ENABLE_MODULES = YES;
				CLANG_ENABLE_OBJC_ARC = YES;
				CLANG_ENABLE_OBJC_WEAK = YES;
				CLANG_WARN_BLOCK_CAPTURE_AUTORELEASING = YES;
				CLANG_WARN_BOOL_CONVERSION = YES;
				CLANG_WARN_COMMA = YES;
				CLANG_WARN_CONSTANT_CONVERSION = YES;
				CLANG_WARN_DEPRECATED_OBJC_IMPLEMENTATIONS = YES;
				CLANG_WARN_DIRECT_OBJC_ISA_USAGE = YES_ERROR;
				CLANG_WARN_DOCUMENTATION_COMMENTS = YES;
				CLANG_WARN_EMPTY_BODY = YES;
				CLANG_WARN_ENUM_CONVERSION = YES;
				CLANG_WARN_INFINITE_RECURSION = YES;
				CLANG_WARN_INT_CONVERSION = YES;
				CLANG_WARN_NON_LITERAL_NULL_CONVERSION = YES;
				CLANG_WARN_OBJC_IMPLICIT_RETAIN_SELF = YES;
				CLANG_WARN_OBJC_LITERAL_CONVERSION = YES;
				CLANG_WARN_OBJC_ROOT_CLASS = YES_ERROR;
				CLANG_WARN_QUOTED_INCLUDE_IN_FRAMEWORK_HEADER = YES;
				CLANG_WARN_RANGE_LOOP_ANALYSIS = YES;
				CLANG_WARN_STRICT_PROTOTYPES = YES;
				CLANG_WARN_SUSPICIOUS_MOVE = YES;
				CLANG_WARN_UNGUARDED_AVAILABILITY = YES_AGGRESSIVE;
				CLANG_WARN_UNREACHABLE_CODE = YES;
				CLANG_WARN__DUPLICATE_METHOD_MATCH = YES;
				COPY_PHASE_STRIP = NO;
				DEBUG_INFORMATION_FORMAT = "dwarf-with-dsym";
				ENABLE_NS_ASSERTIONS = NO;
				ENABLE_STRICT_OBJC_MSGSEND = YES;
				ENABLE_USER_SCRIPT_SANDBOXING = YES;
				GCC_C_LANGUAGE_STANDARD = gnu17;
				GCC_NO_COMMON_BLOCKS = YES;
				GCC_WARN_64_TO_32_BIT_CONVERSION = YES;
				GCC_WARN_ABOUT_RETURN_TYPE = YES_ERROR;
				GCC_WARN_UNDECLARED_SELECTOR = YES;
				GCC_WARN_UNINITIALIZED_AUTOS = YES_AGGRESSIVE;
				GCC_WARN_UNUSED_FUNCTION = YES;
				GCC_WARN_UNUSED_VARIABLE = YES;
				IPHONEOS_DEPLOYMENT_TARGET = 18.0;
				LOCALIZATION_PREFERS_STRING_CATALOGS = YES;
				MTL_ENABLE_DEBUG_INFO = NO;
				MTL_FAST_MATH = YES;
				SDKROOT = iphoneos;
				SWIFT_COMPILATION_MODE = wholemodule;
				VALIDATE_PRODUCT = YES;
			};
			name = Release;
		};
		BEA408032C24F1FF00636240 /* Debug */ = {
			isa = XCBuildConfiguration;
			buildSettings = {
				ASSETCATALOG_COMPILER_APPICON_NAME = AppIcon;
				ASSETCATALOG_COMPILER_GLOBAL_ACCENT_COLOR_NAME = AccentColor;
				CODE_SIGN_STYLE = Automatic;
				CURRENT_PROJECT_VERSION = 1;
				DEVELOPMENT_ASSET_PATHS = "\"LoginSupabaseApp/Preview Content\"";
				DEVELOPMENT_TEAM = D6LZWF2S6D;
				ENABLE_PREVIEWS = YES;
				GENERATE_INFOPLIST_FILE = YES;
				INFOPLIST_KEY_UIApplicationSceneManifest_Generation = YES;
				INFOPLIST_KEY_UIApplicationSupportsIndirectInputEvents = YES;
				INFOPLIST_KEY_UILaunchScreen_Generation = YES;
				INFOPLIST_KEY_UISupportedInterfaceOrientations_iPad = "UIInterfaceOrientationPortrait UIInterfaceOrientationPortraitUpsideDown UIInterfaceOrientationLandscapeLeft UIInterfaceOrientationLandscapeRight";
				INFOPLIST_KEY_UISupportedInterfaceOrientations_iPhone = "UIInterfaceOrientationPortrait UIInterfaceOrientationLandscapeLeft UIInterfaceOrientationLandscapeRight";
				LD_RUNPATH_SEARCH_PATHS = (
					"$(inherited)",
					"@executable_path/Frameworks",
				);
				MARKETING_VERSION = 1.0;
				PRODUCT_BUNDLE_IDENTIFIER = pouyasari.LoginSupabaseApp;
				PRODUCT_NAME = "$(TARGET_NAME)";
				SWIFT_EMIT_LOC_STRINGS = YES;
				SWIFT_VERSION = 5.0;
				TARGETED_DEVICE_FAMILY = "1,2";
			};
			name = Debug;
		};
		BEA408042C24F1FF00636240 /* Release */ = {
			isa = XCBuildConfiguration;
			buildSettings = {
				ASSETCATALOG_COMPILER_APPICON_NAME = AppIcon;
				ASSETCATALOG_COMPILER_GLOBAL_ACCENT_COLOR_NAME = AccentColor;
				CODE_SIGN_STYLE = Automatic;
				CURRENT_PROJECT_VERSION = 1;
				DEVELOPMENT_ASSET_PATHS = "\"LoginSupabaseApp/Preview Content\"";
				DEVELOPMENT_TEAM = D6LZWF2S6D;
				ENABLE_PREVIEWS = YES;
				GENERATE_INFOPLIST_FILE = YES;
				INFOPLIST_KEY_UIApplicationSceneManifest_Generation = YES;
				INFOPLIST_KEY_UIApplicationSupportsIndirectInputEvents = YES;
				INFOPLIST_KEY_UILaunchScreen_Generation = YES;
				INFOPLIST_KEY_UISupportedInterfaceOrientations_iPad = "UIInterfaceOrientationPortrait UIInterfaceOrientationPortraitUpsideDown UIInterfaceOrientationLandscapeLeft UIInterfaceOrientationLandscapeRight";
				INFOPLIST_KEY_UISupportedInterfaceOrientations_iPhone = "UIInterfaceOrientationPortrait UIInterfaceOrientationLandscapeLeft UIInterfaceOrientationLandscapeRight";
				LD_RUNPATH_SEARCH_PATHS = (
					"$(inherited)",
					"@executable_path/Frameworks",
				);
				MARKETING_VERSION = 1.0;
				PRODUCT_BUNDLE_IDENTIFIER = pouyasari.LoginSupabaseApp;
				PRODUCT_NAME = "$(TARGET_NAME)";
				SWIFT_EMIT_LOC_STRINGS = YES;
				SWIFT_VERSION = 5.0;
				TARGETED_DEVICE_FAMILY = "1,2";
			};
			name = Release;
		};
/* End XCBuildConfiguration section */

/* Begin XCConfigurationList section */
		BEA407EF2C24F1FD00636240 /* Build configuration list for PBXProject "LoginSupabaseApp" */ = {
			isa = XCConfigurationList;
			buildConfigurations = (
				BEA408002C24F1FF00636240 /* Debug */,
				BEA408012C24F1FF00636240 /* Release */,
			);
			defaultConfigurationIsVisible = 0;
			defaultConfigurationName = Release;
		};
		BEA408022C24F1FF00636240 /* Build configuration list for PBXNativeTarget "LoginSupabaseApp" */ = {
			isa = XCConfigurationList;
			buildConfigurations = (
				BEA408032C24F1FF00636240 /* Debug */,
				BEA408042C24F1FF00636240 /* Release */,
			);
			defaultConfigurationIsVisible = 0;
			defaultConfigurationName = Release;
		};
/* End XCConfigurationList section */

/* Begin XCRemoteSwiftPackageReference section */
		BEA408092C24F2CE00636240 /* XCRemoteSwiftPackageReference "supabase-swift" */ = {
			isa = XCRemoteSwiftPackageReference;
			repositoryURL = "https://github.com/supabase/supabase-swift";
			requirement = {
				kind = exactVersion;
				version = 2.13.3;
			};
		};
/* End XCRemoteSwiftPackageReference section */

/* Begin XCSwiftPackageProductDependency section */
		BEA4080A2C24F2CE00636240 /* Auth */ = {
			isa = XCSwiftPackageProductDependency;
			package = BEA408092C24F2CE00636240 /* XCRemoteSwiftPackageReference "supabase-swift" */;
			productName = Auth;
		};
		BEA4080C2C24F2CE00636240 /* Functions */ = {
			isa = XCSwiftPackageProductDependency;
			package = BEA408092C24F2CE00636240 /* XCRemoteSwiftPackageReference "supabase-swift" */;
			productName = Functions;
		};
		BEA4080E2C24F2CE00636240 /* PostgREST */ = {
			isa = XCSwiftPackageProductDependency;
			package = BEA408092C24F2CE00636240 /* XCRemoteSwiftPackageReference "supabase-swift" */;
			productName = PostgREST;
		};
		BEA408102C24F2CE00636240 /* Realtime */ = {
			isa = XCSwiftPackageProductDependency;
			package = BEA408092C24F2CE00636240 /* XCRemoteSwiftPackageReference "supabase-swift" */;
			productName = Realtime;
		};
		BEA408122C24F2CE00636240 /* Storage */ = {
			isa = XCSwiftPackageProductDependency;
			package = BEA408092C24F2CE00636240 /* XCRemoteSwiftPackageReference "supabase-swift" */;
			productName = Storage;
		};
		BEA408142C24F2CE00636240 /* Supabase */ = {
			isa = XCSwiftPackageProductDependency;
			package = BEA408092C24F2CE00636240 /* XCRemoteSwiftPackageReference "supabase-swift" */;
			productName = Supabase;
		};
/* End XCSwiftPackageProductDependency section */
	};
	rootObject = BEA407EC2C24F1FD00636240 /* Project object */;
}
